
Microsoft Visual Studio Solution File, Format Version 12.00
# Visual Studio Version 16
VisualStudioVersion = 16.0.28803.352
MinimumVisualStudioVersion = 10.0.40219.1
Project("{FAE04EC0-301F-11D3-BF4B-00C04F79EFBC}") = "SampleProject", "SampleProject\SampleProject.csproj", "{935BE057-369D-49DD-A6AC-11761197346E}"
EndProject
Global
	GlobalSection(SolutionConfigurationPlatforms) = preSolution
		Debug|Any CPU = Debug|Any CPU
		Release|Any CPU = Release|Any CPU
	EndGlobalSection
	GlobalSection(ProjectConfigurationPlatforms) = postSolution
		{935BE057-369D-49DD-A6AC-11761197346E}.Debug|Any CPU.ActiveCfg = Debug|Any CPU
		{935BE057-369D-49DD-A6AC-11761197346E}.Debug|Any CPU.Build.0 = Debug|Any CPU
		{935BE057-369D-49DD-A6AC-11761197346E}.Release|Any CPU.ActiveCfg = Release|Any CPU
		{935BE057-369D-49DD-A6AC-11761197346E}.Release|Any CPU.Build.0 = Release|Any CPU
	EndGlobalSection
	GlobalSection(SolutionProperties) = preSolution
		HideSolutionNode = FALSE
	EndGlobalSection
	GlobalSection(ExtensibilityGlobals) = postSolution
		SolutionGuid = {6742F198-FE1D-41CD-9CC4-BC2EE5286995}
	EndGlobalSection
EndGlobal
